
Microsoft Visual Studio Solution File, Format Version 12.00
# Visual Studio Version 16
VisualStudioVersion = 16.0.30406.217
MinimumVisualStudioVersion = 10.0.40219.1
Project("{FAE04EC0-301F-11D3-BF4B-00C04F79EFBC}") = "Heaps", "Heaps\Heaps.csproj", "{EEAC023B-AF70-4032-93F4-ED4AE9ADB665}"
EndProject
Global
	GlobalSection(SolutionConfigurationPlatforms) = preSolution
		Debug|Any CPU = Debug|Any CPU
		Release|Any CPU = Release|Any CPU
	EndGlobalSection
	GlobalSection(ProjectConfigurationPlatforms) = postSolution
		{EEAC023B-AF70-4032-93F4-ED4AE9ADB665}.Debug|Any CPU.ActiveCfg = Debug|Any CPU
		{EEAC023B-AF70-4032-93F4-ED4AE9ADB665}.Debug|Any CPU.Build.0 = Debug|Any CPU
		{EEAC023B-AF70-4032-93F4-ED4AE9ADB665}.Release|Any CPU.ActiveCfg = Release|Any CPU
		{EEAC023B-AF70-4032-93F4-ED4AE9ADB665}.Release|Any CPU.Build.0 = Release|Any CPU
	EndGlobalSection
	GlobalSection(SolutionProperties) = preSolution
		HideSolutionNode = FALSE
	EndGlobalSection
	GlobalSection(ExtensibilityGlobals) = postSolution
		SolutionGuid = {C9E6DB4D-2983-4833-B9FB-5F583903001A}
	EndGlobalSection
EndGlobal
